
Microsoft Visual Studio Solution File, Format Version 12.00
# Visual Studio Version 17
VisualStudioVersion = 17.5.002.0
MinimumVisualStudioVersion = 10.0.40219.1
Project("{9A19103F-16F7-4668-BE54-9A1E7A4F7556}") = "day 17 part 1", "day 17 part 1.csproj", "{CACDA73E-88CC-4251-91D8-251A75FF35FF}"
EndProject
Global
	GlobalSection(SolutionConfigurationPlatforms) = preSolution
		Debug|Any CPU = Debug|Any CPU
		Release|Any CPU = Release|Any CPU
	EndGlobalSection
	GlobalSection(ProjectConfigurationPlatforms) = postSolution
		{CACDA73E-88CC-4251-91D8-251A75FF35FF}.Debug|Any CPU.ActiveCfg = Debug|Any CPU
		{CACDA73E-88CC-4251-91D8-251A75FF35FF}.Debug|Any CPU.Build.0 = Debug|Any CPU
		{CACDA73E-88CC-4251-91D8-251A75FF35FF}.Release|Any CPU.ActiveCfg = Release|Any CPU
		{CACDA73E-88CC-4251-91D8-251A75FF35FF}.Release|Any CPU.Build.0 = Release|Any CPU
	EndGlobalSection
	GlobalSection(SolutionProperties) = preSolution
		HideSolutionNode = FALSE
	EndGlobalSection
	GlobalSection(ExtensibilityGlobals) = postSolution
		SolutionGuid = {6FA92C5A-A838-4313-902C-FA853FE10BB5}
	EndGlobalSection
EndGlobal
