
Microsoft Visual Studio Solution File, Format Version 12.00
# Visual Studio Version 17
VisualStudioVersion = 17.5.002.0
MinimumVisualStudioVersion = 10.0.40219.1
Project("{9A19103F-16F7-4668-BE54-9A1E7A4F7556}") = "day 18 part 2", "day 18 part 2.csproj", "{A135E4B3-215B-40F4-A110-683CC8AC4B4E}"
EndProject
Global
	GlobalSection(SolutionConfigurationPlatforms) = preSolution
		Debug|Any CPU = Debug|Any CPU
		Release|Any CPU = Release|Any CPU
	EndGlobalSection
	GlobalSection(ProjectConfigurationPlatforms) = postSolution
		{A135E4B3-215B-40F4-A110-683CC8AC4B4E}.Debug|Any CPU.ActiveCfg = Debug|Any CPU
		{A135E4B3-215B-40F4-A110-683CC8AC4B4E}.Debug|Any CPU.Build.0 = Debug|Any CPU
		{A135E4B3-215B-40F4-A110-683CC8AC4B4E}.Release|Any CPU.ActiveCfg = Release|Any CPU
		{A135E4B3-215B-40F4-A110-683CC8AC4B4E}.Release|Any CPU.Build.0 = Release|Any CPU
	EndGlobalSection
	GlobalSection(SolutionProperties) = preSolution
		HideSolutionNode = FALSE
	EndGlobalSection
	GlobalSection(ExtensibilityGlobals) = postSolution
		SolutionGuid = {7D4528C8-5D7F-463B-93DD-ADF3FCF8EF13}
	EndGlobalSection
EndGlobal
