
Microsoft Visual Studio Solution File, Format Version 12.00
# Visual Studio Version 17
VisualStudioVersion = 17.5.002.0
MinimumVisualStudioVersion = 10.0.40219.1
Project("{9A19103F-16F7-4668-BE54-9A1E7A4F7556}") = "day 12 part 1", "day 12 part 1.csproj", "{337EBFBE-F4D4-4F70-ABDA-9589A1AECE2D}"
EndProject
Global
	GlobalSection(SolutionConfigurationPlatforms) = preSolution
		Debug|Any CPU = Debug|Any CPU
		Release|Any CPU = Release|Any CPU
	EndGlobalSection
	GlobalSection(ProjectConfigurationPlatforms) = postSolution
		{337EBFBE-F4D4-4F70-ABDA-9589A1AECE2D}.Debug|Any CPU.ActiveCfg = Debug|Any CPU
		{337EBFBE-F4D4-4F70-ABDA-9589A1AECE2D}.Debug|Any CPU.Build.0 = Debug|Any CPU
		{337EBFBE-F4D4-4F70-ABDA-9589A1AECE2D}.Release|Any CPU.ActiveCfg = Release|Any CPU
		{337EBFBE-F4D4-4F70-ABDA-9589A1AECE2D}.Release|Any CPU.Build.0 = Release|Any CPU
	EndGlobalSection
	GlobalSection(SolutionProperties) = preSolution
		HideSolutionNode = FALSE
	EndGlobalSection
	GlobalSection(ExtensibilityGlobals) = postSolution
		SolutionGuid = {DAABBFBF-3F57-4855-9BDD-42B5D9D530D3}
	EndGlobalSection
EndGlobal
