
Microsoft Visual Studio Solution File, Format Version 12.00
# Visual Studio Version 17
VisualStudioVersion = 17.5.002.0
MinimumVisualStudioVersion = 10.0.40219.1
Project("{9A19103F-16F7-4668-BE54-9A1E7A4F7556}") = "day 23 part 1", "day 23 part 1.csproj", "{0C046181-F22C-4CB6-ABA0-871A71908B12}"
EndProject
Global
	GlobalSection(SolutionConfigurationPlatforms) = preSolution
		Debug|Any CPU = Debug|Any CPU
		Release|Any CPU = Release|Any CPU
	EndGlobalSection
	GlobalSection(ProjectConfigurationPlatforms) = postSolution
		{0C046181-F22C-4CB6-ABA0-871A71908B12}.Debug|Any CPU.ActiveCfg = Debug|Any CPU
		{0C046181-F22C-4CB6-ABA0-871A71908B12}.Debug|Any CPU.Build.0 = Debug|Any CPU
		{0C046181-F22C-4CB6-ABA0-871A71908B12}.Release|Any CPU.ActiveCfg = Release|Any CPU
		{0C046181-F22C-4CB6-ABA0-871A71908B12}.Release|Any CPU.Build.0 = Release|Any CPU
	EndGlobalSection
	GlobalSection(SolutionProperties) = preSolution
		HideSolutionNode = FALSE
	EndGlobalSection
	GlobalSection(ExtensibilityGlobals) = postSolution
		SolutionGuid = {2C91D474-D920-434E-9616-D4CC334D8CAA}
	EndGlobalSection
EndGlobal
