
Microsoft Visual Studio Solution File, Format Version 12.00
# Visual Studio Version 17
VisualStudioVersion = 17.5.002.0
MinimumVisualStudioVersion = 10.0.40219.1
Project("{9A19103F-16F7-4668-BE54-9A1E7A4F7556}") = "day 14 part 1", "day 14 part 1.csproj", "{46419B8E-A36E-4723-A965-61B7981C42E8}"
EndProject
Global
	GlobalSection(SolutionConfigurationPlatforms) = preSolution
		Debug|Any CPU = Debug|Any CPU
		Release|Any CPU = Release|Any CPU
	EndGlobalSection
	GlobalSection(ProjectConfigurationPlatforms) = postSolution
		{46419B8E-A36E-4723-A965-61B7981C42E8}.Debug|Any CPU.ActiveCfg = Debug|Any CPU
		{46419B8E-A36E-4723-A965-61B7981C42E8}.Debug|Any CPU.Build.0 = Debug|Any CPU
		{46419B8E-A36E-4723-A965-61B7981C42E8}.Release|Any CPU.ActiveCfg = Release|Any CPU
		{46419B8E-A36E-4723-A965-61B7981C42E8}.Release|Any CPU.Build.0 = Release|Any CPU
	EndGlobalSection
	GlobalSection(SolutionProperties) = preSolution
		HideSolutionNode = FALSE
	EndGlobalSection
	GlobalSection(ExtensibilityGlobals) = postSolution
		SolutionGuid = {7A928C82-CCD8-434F-8DD3-6AC5EEC58594}
	EndGlobalSection
EndGlobal
