
Microsoft Visual Studio Solution File, Format Version 12.00
# Visual Studio Version 17
VisualStudioVersion = 17.5.002.0
MinimumVisualStudioVersion = 10.0.40219.1
Project("{9A19103F-16F7-4668-BE54-9A1E7A4F7556}") = "day 13 part 1", "day 13 part 1.csproj", "{112E4640-8E84-4690-ADD1-02489453F07C}"
EndProject
Global
	GlobalSection(SolutionConfigurationPlatforms) = preSolution
		Debug|Any CPU = Debug|Any CPU
		Release|Any CPU = Release|Any CPU
	EndGlobalSection
	GlobalSection(ProjectConfigurationPlatforms) = postSolution
		{112E4640-8E84-4690-ADD1-02489453F07C}.Debug|Any CPU.ActiveCfg = Debug|Any CPU
		{112E4640-8E84-4690-ADD1-02489453F07C}.Debug|Any CPU.Build.0 = Debug|Any CPU
		{112E4640-8E84-4690-ADD1-02489453F07C}.Release|Any CPU.ActiveCfg = Release|Any CPU
		{112E4640-8E84-4690-ADD1-02489453F07C}.Release|Any CPU.Build.0 = Release|Any CPU
	EndGlobalSection
	GlobalSection(SolutionProperties) = preSolution
		HideSolutionNode = FALSE
	EndGlobalSection
	GlobalSection(ExtensibilityGlobals) = postSolution
		SolutionGuid = {40A51A4A-0EB2-4F6E-980F-8E4501EB18DB}
	EndGlobalSection
EndGlobal
