
Microsoft Visual Studio Solution File, Format Version 12.00
# Visual Studio Version 17
VisualStudioVersion = 17.5.002.0
MinimumVisualStudioVersion = 10.0.40219.1
Project("{9A19103F-16F7-4668-BE54-9A1E7A4F7556}") = "day 8 part 1", "day 8 part 1.csproj", "{2466214D-BE86-4A0C-BA22-1D5D7F07125C}"
EndProject
Global
	GlobalSection(SolutionConfigurationPlatforms) = preSolution
		Debug|Any CPU = Debug|Any CPU
		Release|Any CPU = Release|Any CPU
	EndGlobalSection
	GlobalSection(ProjectConfigurationPlatforms) = postSolution
		{2466214D-BE86-4A0C-BA22-1D5D7F07125C}.Debug|Any CPU.ActiveCfg = Debug|Any CPU
		{2466214D-BE86-4A0C-BA22-1D5D7F07125C}.Debug|Any CPU.Build.0 = Debug|Any CPU
		{2466214D-BE86-4A0C-BA22-1D5D7F07125C}.Release|Any CPU.ActiveCfg = Release|Any CPU
		{2466214D-BE86-4A0C-BA22-1D5D7F07125C}.Release|Any CPU.Build.0 = Release|Any CPU
	EndGlobalSection
	GlobalSection(SolutionProperties) = preSolution
		HideSolutionNode = FALSE
	EndGlobalSection
	GlobalSection(ExtensibilityGlobals) = postSolution
		SolutionGuid = {FD510E58-2DE9-4166-92B8-1A3B5D9A175A}
	EndGlobalSection
EndGlobal
