
Microsoft Visual Studio Solution File, Format Version 12.00
# Visual Studio Version 17
VisualStudioVersion = 17.5.002.0
MinimumVisualStudioVersion = 10.0.40219.1
Project("{9A19103F-16F7-4668-BE54-9A1E7A4F7556}") = "day 22 part 2", "day 22 part 2.csproj", "{A16F71C4-7440-4AEE-A50F-C784D63D19BC}"
EndProject
Global
	GlobalSection(SolutionConfigurationPlatforms) = preSolution
		Debug|Any CPU = Debug|Any CPU
		Release|Any CPU = Release|Any CPU
	EndGlobalSection
	GlobalSection(ProjectConfigurationPlatforms) = postSolution
		{A16F71C4-7440-4AEE-A50F-C784D63D19BC}.Debug|Any CPU.ActiveCfg = Debug|Any CPU
		{A16F71C4-7440-4AEE-A50F-C784D63D19BC}.Debug|Any CPU.Build.0 = Debug|Any CPU
		{A16F71C4-7440-4AEE-A50F-C784D63D19BC}.Release|Any CPU.ActiveCfg = Release|Any CPU
		{A16F71C4-7440-4AEE-A50F-C784D63D19BC}.Release|Any CPU.Build.0 = Release|Any CPU
	EndGlobalSection
	GlobalSection(SolutionProperties) = preSolution
		HideSolutionNode = FALSE
	EndGlobalSection
	GlobalSection(ExtensibilityGlobals) = postSolution
		SolutionGuid = {F3227156-4597-4FBC-BE08-F135EE1854B0}
	EndGlobalSection
EndGlobal
