
Microsoft Visual Studio Solution File, Format Version 12.00
# Visual Studio Version 17
VisualStudioVersion = 17.5.002.0
MinimumVisualStudioVersion = 10.0.40219.1
Project("{9A19103F-16F7-4668-BE54-9A1E7A4F7556}") = "day 17 part 2", "day 17 part 2.csproj", "{C3C994CC-0D4C-48FA-9D83-20F0AE34064C}"
EndProject
Global
	GlobalSection(SolutionConfigurationPlatforms) = preSolution
		Debug|Any CPU = Debug|Any CPU
		Release|Any CPU = Release|Any CPU
	EndGlobalSection
	GlobalSection(ProjectConfigurationPlatforms) = postSolution
		{C3C994CC-0D4C-48FA-9D83-20F0AE34064C}.Debug|Any CPU.ActiveCfg = Debug|Any CPU
		{C3C994CC-0D4C-48FA-9D83-20F0AE34064C}.Debug|Any CPU.Build.0 = Debug|Any CPU
		{C3C994CC-0D4C-48FA-9D83-20F0AE34064C}.Release|Any CPU.ActiveCfg = Release|Any CPU
		{C3C994CC-0D4C-48FA-9D83-20F0AE34064C}.Release|Any CPU.Build.0 = Release|Any CPU
	EndGlobalSection
	GlobalSection(SolutionProperties) = preSolution
		HideSolutionNode = FALSE
	EndGlobalSection
	GlobalSection(ExtensibilityGlobals) = postSolution
		SolutionGuid = {38D93BEE-740D-4ED2-A4E3-9187712EDA00}
	EndGlobalSection
EndGlobal
